// !$*UTF8*$!
{
	archiveVersion = 1;
	classes = {
	};
	objectVersion = 50;
	objects = {

/* Begin PBXBuildFile section */
		BEB23F742189105000DD2280 /* AppDelegate.swift in Sources */ = {isa = PBXBuildFile; fileRef = BEB23F732189105000DD2280 /* AppDelegate.swift */; };
		BEB23F762189105000DD2280 /* ViewController.swift in Sources */ = {isa = PBXBuildFile; fileRef = BEB23F752189105000DD2280 /* ViewController.swift */; };
		BEB23F792189105000DD2280 /* Main.storyboard in Resources */ = {isa = PBXBuildFile; fileRef = BEB23F772189105000DD2280 /* Main.storyboard */; };
		BEB23F7C2189105000DD2280 /* PetsZone.xcdatamodeld in Sources */ = {isa = PBXBuildFile; fileRef = BEB23F7A2189105000DD2280 /* PetsZone.xcdatamodeld */; };
		BEB23F7E2189105200DD2280 /* Assets.xcassets in Resources */ = {isa = PBXBuildFile; fileRef = BEB23F7D2189105200DD2280 /* Assets.xcassets */; };
		BEB23F812189105200DD2280 /* LaunchScreen.storyboard in Resources */ = {isa = PBXBuildFile; fileRef = BEB23F7F2189105200DD2280 /* LaunchScreen.storyboard */; };
		BEB23F8A218910A900DD2280 /* GoogleService-Info.plist in Resources */ = {isa = PBXBuildFile; fileRef = BEB23F89218910A900DD2280 /* GoogleService-Info.plist */; };
		BEB23F8C218A180700DD2280 /* ApnsUploads.swift in Sources */ = {isa = PBXBuildFile; fileRef = BEB23F8B218A180700DD2280 /* ApnsUploads.swift */; };
		BEB23F8F218BAC8400DD2280 /* OnboardingViewController.swift in Sources */ = {isa = PBXBuildFile; fileRef = BEB23F8D218BAC8400DD2280 /* OnboardingViewController.swift */; };
		BEB23F90218BAC8400DD2280 /* OnboardingViewController.xib in Resources */ = {isa = PBXBuildFile; fileRef = BEB23F8E218BAC8400DD2280 /* OnboardingViewController.xib */; };
		FBDA15587B2B0996FEEF1F7F /* Pods_PetsZone.framework in Frameworks */ = {isa = PBXBuildFile; fileRef = 21258D2BECB498C77A68BB61 /* Pods_PetsZone.framework */; };
/* End PBXBuildFile section */

/* Begin PBXFileReference section */
		150B959B1FC0160C0EDE4C23 /* Pods-PetsZone.release.xcconfig */ = {isa = PBXFileReference; includeInIndex = 1; lastKnownFileType = text.xcconfig; name = "Pods-PetsZone.release.xcconfig"; path = "Pods/Target Support Files/Pods-PetsZone/Pods-PetsZone.release.xcconfig"; sourceTree = "<group>"; };
		21258D2BECB498C77A68BB61 /* Pods_PetsZone.framework */ = {isa = PBXFileReference; explicitFileType = wrapper.framework; includeInIndex = 0; path = Pods_PetsZone.framework; sourceTree = BUILT_PRODUCTS_DIR; };
		394E40070D14F6BDDA8969CC /* Pods-PetsZone.debug.xcconfig */ = {isa = PBXFileReference; includeInIndex = 1; lastKnownFileType = text.xcconfig; name = "Pods-PetsZone.debug.xcconfig"; path = "Pods/Target Support Files/Pods-PetsZone/Pods-PetsZone.debug.xcconfig"; sourceTree = "<group>"; };
		BEB23F702189105000DD2280 /* PetsZone.app */ = {isa = PBXFileReference; explicitFileType = wrapper.application; includeInIndex = 0; path = PetsZone.app; sourceTree = BUILT_PRODUCTS_DIR; };
		BEB23F732189105000DD2280 /* AppDelegate.swift */ = {isa = PBXFileReference; lastKnownFileType = sourcecode.swift; path = AppDelegate.swift; sourceTree = "<group>"; };
		BEB23F752189105000DD2280 /* ViewController.swift */ = {isa = PBXFileReference; lastKnownFileType = sourcecode.swift; path = ViewController.swift; sourceTree = "<group>"; };
		BEB23F782189105000DD2280 /* Base */ = {isa = PBXFileReference; lastKnownFileType = file.storyboard; name = Base; path = Base.lproj/Main.storyboard; sourceTree = "<group>"; };
		BEB23F7B2189105000DD2280 /* PetsZone.xcdatamodel */ = {isa = PBXFileReference; lastKnownFileType = wrapper.xcdatamodel; path = PetsZone.xcdatamodel; sourceTree = "<group>"; };
		BEB23F7D2189105200DD2280 /* Assets.xcassets */ = {isa = PBXFileReference; lastKnownFileType = folder.assetcatalog; path = Assets.xcassets; sourceTree = "<group>"; };
		BEB23F802189105200DD2280 /* Base */ = {isa = PBXFileReference; lastKnownFileType = file.storyboard; name = Base; path = Base.lproj/LaunchScreen.storyboard; sourceTree = "<group>"; };
		BEB23F822189105200DD2280 /* Info.plist */ = {isa = PBXFileReference; lastKnownFileType = text.plist.xml; path = Info.plist; sourceTree = "<group>"; };
		BEB23F882189105900DD2280 /* PetsZone.entitlements */ = {isa = PBXFileReference; lastKnownFileType = text.plist.entitlements; path = PetsZone.entitlements; sourceTree = "<group>"; };
		BEB23F89218910A900DD2280 /* GoogleService-Info.plist */ = {isa = PBXFileReference; fileEncoding = 4; lastKnownFileType = text.plist.xml; path = "GoogleService-Info.plist"; sourceTree = "<group>"; };
		BEB23F8B218A180700DD2280 /* ApnsUploads.swift */ = {isa = PBXFileReference; lastKnownFileType = sourcecode.swift; path = ApnsUploads.swift; sourceTree = "<group>"; };
		BEB23F8D218BAC8400DD2280 /* OnboardingViewController.swift */ = {isa = PBXFileReference; lastKnownFileType = sourcecode.swift; path = OnboardingViewController.swift; sourceTree = "<group>"; };
		BEB23F8E218BAC8400DD2280 /* OnboardingViewController.xib */ = {isa = PBXFileReference; lastKnownFileType = file.xib; path = OnboardingViewController.xib; sourceTree = "<group>"; };
/* End PBXFileReference section */

/* Begin PBXFrameworksBuildPhase section */
		BEB23F6D2189105000DD2280 /* Frameworks */ = {
			isa = PBXFrameworksBuildPhase;
			buildActionMask = 2147483647;
			files = (
				FBDA15587B2B0996FEEF1F7F /* Pods_PetsZone.framework in Frameworks */,
			);
			runOnlyForDeploymentPostprocessing = 0;
		};
/* End PBXFrameworksBuildPhase section */

/* Begin PBXGroup section */
		0CF3FC03F8122C58E927A4FB /* Pods */ = {
			isa = PBXGroup;
			children = (
				394E40070D14F6BDDA8969CC /* Pods-PetsZone.debug.xcconfig */,
				150B959B1FC0160C0EDE4C23 /* Pods-PetsZone.release.xcconfig */,
			);
			name = Pods;
			sourceTree = "<group>";
		};
		7C566411CD1D401317E75D44 /* Frameworks */ = {
			isa = PBXGroup;
			children = (
				21258D2BECB498C77A68BB61 /* Pods_PetsZone.framework */,
			);
			name = Frameworks;
			sourceTree = "<group>";
		};
		BEB23F672189105000DD2280 = {
			isa = PBXGroup;
			children = (
				BEB23F722189105000DD2280 /* PetsZone */,
				BEB23F712189105000DD2280 /* Products */,
				0CF3FC03F8122C58E927A4FB /* Pods */,
				7C566411CD1D401317E75D44 /* Frameworks */,
			);
			sourceTree = "<group>";
		};
		BEB23F712189105000DD2280 /* Products */ = {
			isa = PBXGroup;
			children = (
				BEB23F702189105000DD2280 /* PetsZone.app */,
			);
			name = Products;
			sourceTree = "<group>";
		};
		BEB23F722189105000DD2280 /* PetsZone */ = {
			isa = PBXGroup;
			children = (
				BEB23F882189105900DD2280 /* PetsZone.entitlements */,
				BEB23F732189105000DD2280 /* AppDelegate.swift */,
				BEB23F8B218A180700DD2280 /* ApnsUploads.swift */,
				BEB23F752189105000DD2280 /* ViewController.swift */,
				BEB23F8D218BAC8400DD2280 /* OnboardingViewController.swift */,
				BEB23F8E218BAC8400DD2280 /* OnboardingViewController.xib */,
				BEB23F772189105000DD2280 /* Main.storyboard */,
				BEB23F7D2189105200DD2280 /* Assets.xcassets */,
				BEB23F7F2189105200DD2280 /* LaunchScreen.storyboard */,
				BEB23F822189105200DD2280 /* Info.plist */,
				BEB23F89218910A900DD2280 /* GoogleService-Info.plist */,
				BEB23F7A2189105000DD2280 /* PetsZone.xcdatamodeld */,
			);
			path = PetsZone;
			sourceTree = "<group>";
		};
/* End PBXGroup section */

/* Begin PBXNativeTarget section */
		BEB23F6F2189105000DD2280 /* PetsZone */ = {
			isa = PBXNativeTarget;
			buildConfigurationList = BEB23F852189105200DD2280 /* Build configuration list for PBXNativeTarget "PetsZone" */;
			buildPhases = (
				B1D7F6DD66945F6015A696BA /* [CP] Check Pods Manifest.lock */,
				BEB23F6C2189105000DD2280 /* Sources */,
				BEB23F6D2189105000DD2280 /* Frameworks */,
				BEB23F6E2189105000DD2280 /* Resources */,
				BDCADE9AB7CD4A1CC94B6D8E /* [CP] Embed Pods Frameworks */,
			);
			buildRules = (
			);
			dependencies = (
			);
			name = PetsZone;
			productName = PetsZone;
			productReference = BEB23F702189105000DD2280 /* PetsZone.app */;
			productType = "com.apple.product-type.application";
		};
/* End PBXNativeTarget section */

/* Begin PBXProject section */
		BEB23F682189105000DD2280 /* Project object */ = {
			isa = PBXProject;
			attributes = {
				LastSwiftUpdateCheck = 1000;
				LastUpgradeCheck = 1000;
				ORGANIZATIONNAME = Rebecca;
				TargetAttributes = {
					BEB23F6F2189105000DD2280 = {
						CreatedOnToolsVersion = 10.0;
						SystemCapabilities = {
							com.apple.Push = {
								enabled = 1;
							};
						};
					};
				};
			};
			buildConfigurationList = BEB23F6B2189105000DD2280 /* Build configuration list for PBXProject "PetsZone" */;
			compatibilityVersion = "Xcode 9.3";
			developmentRegion = en;
			hasScannedForEncodings = 0;
			knownRegions = (
				en,
				Base,
			);
			mainGroup = BEB23F672189105000DD2280;
			productRefGroup = BEB23F712189105000DD2280 /* Products */;
			projectDirPath = "";
			projectRoot = "";
			targets = (
				BEB23F6F2189105000DD2280 /* PetsZone */,
			);
		};
/* End PBXProject section */

/* Begin PBXResourcesBuildPhase section */
		BEB23F6E2189105000DD2280 /* Resources */ = {
			isa = PBXResourcesBuildPhase;
			buildActionMask = 2147483647;
			files = (
				BEB23F812189105200DD2280 /* LaunchScreen.storyboard in Resources */,
				BEB23F8A218910A900DD2280 /* GoogleService-Info.plist in Resources */,
				BEB23F90218BAC8400DD2280 /* OnboardingViewController.xib in Resources */,
				BEB23F7E2189105200DD2280 /* Assets.xcassets in Resources */,
				BEB23F792189105000DD2280 /* Main.storyboard in Resources */,
			);
			runOnlyForDeploymentPostprocessing = 0;
		};
/* End PBXResourcesBuildPhase section */

/* Begin PBXShellScriptBuildPhase section */
		B1D7F6DD66945F6015A696BA /* [CP] Check Pods Manifest.lock */ = {
			isa = PBXShellScriptBuildPhase;
			buildActionMask = 2147483647;
			files = (
			);
			inputPaths = (
				"${PODS_PODFILE_DIR_PATH}/Podfile.lock",
				"${PODS_ROOT}/Manifest.lock",
			);
			name = "[CP] Check Pods Manifest.lock";
			outputPaths = (
				"$(DERIVED_FILE_DIR)/Pods-PetsZone-checkManifestLockResult.txt",
			);
			runOnlyForDeploymentPostprocessing = 0;
			shellPath = /bin/sh;
			shellScript = "diff \"${PODS_PODFILE_DIR_PATH}/Podfile.lock\" \"${PODS_ROOT}/Manifest.lock\" > /dev/null\nif [ $? != 0 ] ; then\n    # print error to STDERR\n    echo \"error: The sandbox is not in sync with the Podfile.lock. Run 'pod install' or update your CocoaPods installation.\" >&2\n    exit 1\nfi\n# This output is used by Xcode 'outputs' to avoid re-running this script phase.\necho \"SUCCESS\" > \"${SCRIPT_OUTPUT_FILE_0}\"\n";
			showEnvVarsInLog = 0;
		};
		BDCADE9AB7CD4A1CC94B6D8E /* [CP] Embed Pods Frameworks */ = {
			isa = PBXShellScriptBuildPhase;
			buildActionMask = 2147483647;
			files = (
			);
			inputPaths = (
				"${SRCROOT}/Pods/Target Support Files/Pods-PetsZone/Pods-PetsZone-frameworks.sh",
				"${BUILT_PRODUCTS_DIR}/GTMSessionFetcher/GTMSessionFetcher.framework",
				"${BUILT_PRODUCTS_DIR}/GoogleUtilities/GoogleUtilities.framework",
				"${BUILT_PRODUCTS_DIR}/Protobuf/Protobuf.framework",
				"${BUILT_PRODUCTS_DIR}/nanopb/nanopb.framework",
			);
			name = "[CP] Embed Pods Frameworks";
			outputPaths = (
				"${TARGET_BUILD_DIR}/${FRAMEWORKS_FOLDER_PATH}/GTMSessionFetcher.framework",
				"${TARGET_BUILD_DIR}/${FRAMEWORKS_FOLDER_PATH}/GoogleUtilities.framework",
				"${TARGET_BUILD_DIR}/${FRAMEWORKS_FOLDER_PATH}/Protobuf.framework",
				"${TARGET_BUILD_DIR}/${FRAMEWORKS_FOLDER_PATH}/nanopb.framework",
			);
			runOnlyForDeploymentPostprocessing = 0;
			shellPath = /bin/sh;
			shellScript = "\"${SRCROOT}/Pods/Target Support Files/Pods-PetsZone/Pods-PetsZone-frameworks.sh\"\n";
			showEnvVarsInLog = 0;
		};
/* End PBXShellScriptBuildPhase section */

/* Begin PBXSourcesBuildPhase section */
		BEB23F6C2189105000DD2280 /* Sources */ = {
			isa = PBXSourcesBuildPhase;
			buildActionMask = 2147483647;
			files = (
				BEB23F7C2189105000DD2280 /* PetsZone.xcdatamodeld in Sources */,
				BEB23F762189105000DD2280 /* ViewController.swift in Sources */,
				BEB23F8F218BAC8400DD2280 /* OnboardingViewController.swift in Sources */,
				BEB23F8C218A180700DD2280 /* ApnsUploads.swift in Sources */,
				BEB23F742189105000DD2280 /* AppDelegate.swift in Sources */,
			);
			runOnlyForDeploymentPostprocessing = 0;
		};
/* End PBXSourcesBuildPhase section */

/* Begin PBXVariantGroup section */
		BEB23F772189105000DD2280 /* Main.storyboard */ = {
			isa = PBXVariantGroup;
			children = (
				BEB23F782189105000DD2280 /* Base */,
			);
			name = Main.storyboard;
			sourceTree = "<group>";
		};
		BEB23F7F2189105200DD2280 /* LaunchScreen.storyboard */ = {
			isa = PBXVariantGroup;
			children = (
				BEB23F802189105200DD2280 /* Base */,
			);
			name = LaunchScreen.storyboard;
			sourceTree = "<group>";
		};
/* End PBXVariantGroup section */

/* Begin XCBuildConfiguration section */
		BEB23F832189105200DD2280 /* Debug */ = {
			isa = XCBuildConfiguration;
			buildSettings = {
				ALWAYS_SEARCH_USER_PATHS = NO;
				CLANG_ANALYZER_NONNULL = YES;
				CLANG_ANALYZER_NUMBER_OBJECT_CONVERSION = YES_AGGRESSIVE;
				CLANG_CXX_LANGUAGE_STANDARD = "gnu++14";
				CLANG_CXX_LIBRARY = "libc++";
				CLANG_ENABLE_MODULES = YES;
				CLANG_ENABLE_OBJC_ARC = YES;
				CLANG_ENABLE_OBJC_WEAK = YES;
				CLANG_WARN_BLOCK_CAPTURE_AUTORELEASING = YES;
				CLANG_WARN_BOOL_CONVERSION = YES;
				CLANG_WARN_COMMA = YES;
				CLANG_WARN_CONSTANT_CONVERSION = YES;
				CLANG_WARN_DEPRECATED_OBJC_IMPLEMENTATIONS = YES;
				CLANG_WARN_DIRECT_OBJC_ISA_USAGE = YES_ERROR;
				CLANG_WARN_DOCUMENTATION_COMMENTS = YES;
				CLANG_WARN_EMPTY_BODY = YES;
				CLANG_WARN_ENUM_CONVERSION = YES;
				CLANG_WARN_INFINITE_RECURSION = YES;
				CLANG_WARN_INT_CONVERSION = YES;
				CLANG_WARN_NON_LITERAL_NULL_CONVERSION = YES;
				CLANG_WARN_OBJC_IMPLICIT_RETAIN_SELF = YES;
				CLANG_WARN_OBJC_LITERAL_CONVERSION = YES;
				CLANG_WARN_OBJC_ROOT_CLASS = YES_ERROR;
				CLANG_WARN_RANGE_LOOP_ANALYSIS = YES;
				CLANG_WARN_STRICT_PROTOTYPES = YES;
				CLANG_WARN_SUSPICIOUS_MOVE = YES;
				CLANG_WARN_UNGUARDED_AVAILABILITY = YES_AGGRESSIVE;
				CLANG_WARN_UNREACHABLE_CODE = YES;
				CLANG_WARN__DUPLICATE_METHOD_MATCH = YES;
				CODE_SIGN_IDENTITY = "iPhone Developer";
				COPY_PHASE_STRIP = NO;
				DEBUG_INFORMATION_FORMAT = dwarf;
				ENABLE_STRICT_OBJC_MSGSEND = YES;
				ENABLE_TESTABILITY = YES;
				GCC_C_LANGUAGE_STANDARD = gnu11;
				GCC_DYNAMIC_NO_PIC = NO;
				GCC_NO_COMMON_BLOCKS = YES;
				GCC_OPTIMIZATION_LEVEL = 0;
				GCC_PREPROCESSOR_DEFINITIONS = (
					"DEBUG=1",
					"$(inherited)",
				);
				GCC_WARN_64_TO_32_BIT_CONVERSION = YES;
				GCC_WARN_ABOUT_RETURN_TYPE = YES_ERROR;
				GCC_WARN_UNDECLARED_SELECTOR = YES;
				GCC_WARN_UNINITIALIZED_AUTOS = YES_AGGRESSIVE;
				GCC_WARN_UNUSED_FUNCTION = YES;
				GCC_WARN_UNUSED_VARIABLE = YES;
				IPHONEOS_DEPLOYMENT_TARGET = 12.0;
				MTL_ENABLE_DEBUG_INFO = INCLUDE_SOURCE;
				MTL_FAST_MATH = YES;
				ONLY_ACTIVE_ARCH = YES;
				SDKROOT = iphoneos;
				SWIFT_ACTIVE_COMPILATION_CONDITIONS = DEBUG;
				SWIFT_OPTIMIZATION_LEVEL = "-Onone";
			};
			name = Debug;
		};
		BEB23F842189105200DD2280 /* Release */ = {
			isa = XCBuildConfiguration;
			buildSettings = {
				ALWAYS_SEARCH_USER_PATHS = NO;
				CLANG_ANALYZER_NONNULL = YES;
				CLANG_ANALYZER_NUMBER_OBJECT_CONVERSION = YES_AGGRESSIVE;
				CLANG_CXX_LANGUAGE_STANDARD = "gnu++14";
				CLANG_CXX_LIBRARY = "libc++";
				CLANG_ENABLE_MODULES = YES;
				CLANG_ENABLE_OBJC_ARC = YES;
				CLANG_ENABLE_OBJC_WEAK = YES;
				CLANG_WARN_BLOCK_CAPTURE_AUTORELEASING = YES;
				CLANG_WARN_BOOL_CONVERSION = YES;
				CLANG_WARN_COMMA = YES;
				CLANG_WARN_CONSTANT_CONVERSION = YES;
				CLANG_WARN_DEPRECATED_OBJC_IMPLEMENTATIONS = YES;
				CLANG_WARN_DIRECT_OBJC_ISA_USAGE = YES_ERROR;
				CLANG_WARN_DOCUMENTATION_COMMENTS = YES;
				CLANG_WARN_EMPTY_BODY = YES;
				CLANG_WARN_ENUM_CONVERSION = YES;
				CLANG_WARN_INFINITE_RECURSION = YES;
				CLANG_WARN_INT_CONVERSION = YES;
				CLANG_WARN_NON_LITERAL_NULL_CONVERSION = YES;
				CLANG_WARN_OBJC_IMPLICIT_RETAIN_SELF = YES;
				CLANG_WARN_OBJC_LITERAL_CONVERSION = YES;
				CLANG_WARN_OBJC_ROOT_CLASS = YES_ERROR;
				CLANG_WARN_RANGE_LOOP_ANALYSIS = YES;
				CLANG_WARN_STRICT_PROTOTYPES = YES;
				CLANG_WARN_SUSPICIOUS_MOVE = YES;
				CLANG_WARN_UNGUARDED_AVAILABILITY = YES_AGGRESSIVE;
				CLANG_WARN_UNREACHABLE_CODE = YES;
				CLANG_WARN__DUPLICATE_METHOD_MATCH = YES;
				CODE_SIGN_IDENTITY = "iPhone Developer";
				COPY_PHASE_STRIP = NO;
				DEBUG_INFORMATION_FORMAT = "dwarf-with-dsym";
				ENABLE_NS_ASSERTIONS = NO;
				ENABLE_STRICT_OBJC_MSGSEND = YES;
				GCC_C_LANGUAGE_STANDARD = gnu11;
				GCC_NO_COMMON_BLOCKS = YES;
				GCC_WARN_64_TO_32_BIT_CONVERSION = YES;
				GCC_WARN_ABOUT_RETURN_TYPE = YES_ERROR;
				GCC_WARN_UNDECLARED_SELECTOR = YES;
				GCC_WARN_UNINITIALIZED_AUTOS = YES_AGGRESSIVE;
				GCC_WARN_UNUSED_FUNCTION = YES;
				GCC_WARN_UNUSED_VARIABLE = YES;
				IPHONEOS_DEPLOYMENT_TARGET = 12.0;
				MTL_ENABLE_DEBUG_INFO = NO;
				MTL_FAST_MATH = YES;
				SDKROOT = iphoneos;
				SWIFT_COMPILATION_MODE = wholemodule;
				SWIFT_OPTIMIZATION_LEVEL = "-O";
				VALIDATE_PRODUCT = YES;
			};
			name = Release;
		};
		BEB23F862189105200DD2280 /* Debug */ = {
			isa = XCBuildConfiguration;
			baseConfigurationReference = 394E40070D14F6BDDA8969CC /* Pods-PetsZone.debug.xcconfig */;
			buildSettings = {
				ASSETCATALOG_COMPILER_APPICON_NAME = AppIcon;
				CODE_SIGN_ENTITLEMENTS = PetsZone/PetsZone.entitlements;
				CODE_SIGN_IDENTITY = "iPhone Developer";
				CODE_SIGN_STYLE = Automatic;
				DEVELOPMENT_TEAM = PXNK7JUZ34;
				INFOPLIST_FILE = PetsZone/Info.plist;
				LD_RUNPATH_SEARCH_PATHS = (
					"$(inherited)",
					"@executable_path/Frameworks",
				);
				PRODUCT_BUNDLE_IDENTIFIER = com.Rebecca.PetsZone;
				PRODUCT_NAME = "$(TARGET_NAME)";
				PROVISIONING_PROFILE_SPECIFIER = "";
				SWIFT_VERSION = 4.2;
				TARGETED_DEVICE_FAMILY = "1,2";
			};
			name = Debug;
		};
		BEB23F872189105200DD2280 /* Release */ = {
			isa = XCBuildConfiguration;
			baseConfigurationReference = 150B959B1FC0160C0EDE4C23 /* Pods-PetsZone.release.xcconfig */;
			buildSettings = {
				ASSETCATALOG_COMPILER_APPICON_NAME = AppIcon;
				CODE_SIGN_ENTITLEMENTS = PetsZone/PetsZone.entitlements;
				CODE_SIGN_IDENTITY = "iPhone Developer";
				CODE_SIGN_STYLE = Automatic;
				DEVELOPMENT_TEAM = PXNK7JUZ34;
				INFOPLIST_FILE = PetsZone/Info.plist;
				LD_RUNPATH_SEARCH_PATHS = (
					"$(inherited)",
					"@executable_path/Frameworks",
				);
				PRODUCT_BUNDLE_IDENTIFIER = com.Rebecca.PetsZone;
				PRODUCT_NAME = "$(TARGET_NAME)";
				PROVISIONING_PROFILE_SPECIFIER = "";
				SWIFT_VERSION = 4.2;
				TARGETED_DEVICE_FAMILY = "1,2";
			};
			name = Release;
		};
/* End XCBuildConfiguration section */

/* Begin XCConfigurationList section */
		BEB23F6B2189105000DD2280 /* Build configuration list for PBXProject "PetsZone" */ = {
			isa = XCConfigurationList;
			buildConfigurations = (
				BEB23F832189105200DD2280 /* Debug */,
				BEB23F842189105200DD2280 /* Release */,
			);
			defaultConfigurationIsVisible = 0;
			defaultConfigurationName = Release;
		};
		BEB23F852189105200DD2280 /* Build configuration list for PBXNativeTarget "PetsZone" */ = {
			isa = XCConfigurationList;
			buildConfigurations = (
				BEB23F862189105200DD2280 /* Debug */,
				BEB23F872189105200DD2280 /* Release */,
			);
			defaultConfigurationIsVisible = 0;
			defaultConfigurationName = Release;
		};
/* End XCConfigurationList section */

/* Begin XCVersionGroup section */
		BEB23F7A2189105000DD2280 /* PetsZone.xcdatamodeld */ = {
			isa = XCVersionGroup;
			children = (
				BEB23F7B2189105000DD2280 /* PetsZone.xcdatamodel */,
			);
			currentVersion = BEB23F7B2189105000DD2280 /* PetsZone.xcdatamodel */;
			path = PetsZone.xcdatamodeld;
			sourceTree = "<group>";
			versionGroupType = wrapper.xcdatamodel;
		};
/* End XCVersionGroup section */
	};
	rootObject = BEB23F682189105000DD2280 /* Project object */;
}
